
Microsoft Visual Studio Solution File, Format Version 12.00
# Visual Studio Version 16
VisualStudioVersion = 16.0.29123.88
MinimumVisualStudioVersion = 10.0.40219.1
Project("{FAE04EC0-301F-11D3-BF4B-00C04F79EFBC}") = "Datatype_Conversion", "Datatype_Conversion.csproj", "{6092ED2B-2581-43FC-9DB2-055EBAE21B12}"
EndProject
Global
	GlobalSection(SolutionConfigurationPlatforms) = preSolution
		Debug|Any CPU = Debug|Any CPU
		Release|Any CPU = Release|Any CPU
	EndGlobalSection
	GlobalSection(ProjectConfigurationPlatforms) = postSolution
		{6092ED2B-2581-43FC-9DB2-055EBAE21B12}.Debug|Any CPU.ActiveCfg = Debug|Any CPU
		{6092ED2B-2581-43FC-9DB2-055EBAE21B12}.Debug|Any CPU.Build.0 = Debug|Any CPU
		{6092ED2B-2581-43FC-9DB2-055EBAE21B12}.Release|Any CPU.ActiveCfg = Release|Any CPU
		{6092ED2B-2581-43FC-9DB2-055EBAE21B12}.Release|Any CPU.Build.0 = Release|Any CPU
	EndGlobalSection
	GlobalSection(SolutionProperties) = preSolution
		HideSolutionNode = FALSE
	EndGlobalSection
	GlobalSection(ExtensibilityGlobals) = postSolution
		SolutionGuid = {9B5AE978-9621-44DE-B77E-6D44E5378DA7}
	EndGlobalSection
EndGlobal
