
Microsoft Visual Studio Solution File, Format Version 12.00
# Visual Studio Version 16
VisualStudioVersion = 16.0.29318.209
MinimumVisualStudioVersion = 10.0.40219.1
Project("{FAE04EC0-301F-11D3-BF4B-00C04F79EFBC}") = "SwitchStatementII", "SwitchStatementII\SwitchStatementII.csproj", "{B3F5415E-730D-454C-9BF7-21D9A82BAB52}"
EndProject
Global
	GlobalSection(SolutionConfigurationPlatforms) = preSolution
		Debug|Any CPU = Debug|Any CPU
		Release|Any CPU = Release|Any CPU
	EndGlobalSection
	GlobalSection(ProjectConfigurationPlatforms) = postSolution
		{B3F5415E-730D-454C-9BF7-21D9A82BAB52}.Debug|Any CPU.ActiveCfg = Debug|Any CPU
		{B3F5415E-730D-454C-9BF7-21D9A82BAB52}.Debug|Any CPU.Build.0 = Debug|Any CPU
		{B3F5415E-730D-454C-9BF7-21D9A82BAB52}.Release|Any CPU.ActiveCfg = Release|Any CPU
		{B3F5415E-730D-454C-9BF7-21D9A82BAB52}.Release|Any CPU.Build.0 = Release|Any CPU
	EndGlobalSection
	GlobalSection(SolutionProperties) = preSolution
		HideSolutionNode = FALSE
	EndGlobalSection
	GlobalSection(ExtensibilityGlobals) = postSolution
		SolutionGuid = {994A8BDB-2A6A-43BE-B046-2DB45336E545}
	EndGlobalSection
EndGlobal
